// !$*UTF8*$!
{
	archiveVersion = 1;
	classes = {
	};
	objectVersion = 50;
	objects = {

/* Begin PBXBuildFile section */
		6439DF8F226CB17400C84EB3 /* PagerTabHelpers.swift in Sources */ = {isa = PBXBuildFile; fileRef = 6439DF8E226CB17400C84EB3 /* PagerTabHelpers.swift */; };
		644996B422667EB8006A483D /* MainPagerTabDataSource.swift in Sources */ = {isa = PBXBuildFile; fileRef = 644996B322667EB8006A483D /* MainPagerTabDataSource.swift */; };
		644996B6226918D5006A483D /* PagerTabKind.swift in Sources */ = {isa = PBXBuildFile; fileRef = 644996B5226918D5006A483D /* PagerTabKind.swift */; };
		644AA092226C69D4008F6BE3 /* FirstViewController.swift in Sources */ = {isa = PBXBuildFile; fileRef = 644AA090226C69D4008F6BE3 /* FirstViewController.swift */; };
		644AA096226C69ED008F6BE3 /* SecondViewController.swift in Sources */ = {isa = PBXBuildFile; fileRef = 644AA094226C69ED008F6BE3 /* SecondViewController.swift */; };
		644AA09A226C6A1A008F6BE3 /* ThirdViewController.swift in Sources */ = {isa = PBXBuildFile; fileRef = 644AA098226C6A1A008F6BE3 /* ThirdViewController.swift */; };
		644AA09E226C6A2C008F6BE3 /* FourthViewController.swift in Sources */ = {isa = PBXBuildFile; fileRef = 644AA09C226C6A2C008F6BE3 /* FourthViewController.swift */; };
		644AA0A1226C6B17008F6BE3 /* FirstViewController.storyboard in Resources */ = {isa = PBXBuildFile; fileRef = 644AA0A0226C6B17008F6BE3 /* FirstViewController.storyboard */; };
		644AA0A3226C6B9B008F6BE3 /* SecondViewController.storyboard in Resources */ = {isa = PBXBuildFile; fileRef = 644AA0A2226C6B9B008F6BE3 /* SecondViewController.storyboard */; };
		644AA0A5226C6BD6008F6BE3 /* ThirdViewController.storyboard in Resources */ = {isa = PBXBuildFile; fileRef = 644AA0A4226C6BD6008F6BE3 /* ThirdViewController.storyboard */; };
		644AA0A7226C6C07008F6BE3 /* FourthViewController.storyboard in Resources */ = {isa = PBXBuildFile; fileRef = 644AA0A6226C6C07008F6BE3 /* FourthViewController.storyboard */; };
		644AA0A9226C711E008F6BE3 /* MainPagerTabViewController.swift in Sources */ = {isa = PBXBuildFile; fileRef = 644AA0A8226C711E008F6BE3 /* MainPagerTabViewController.swift */; };
		644AA0AB226CAEC3008F6BE3 /* ButtonBarPagerTabViewController.swift in Sources */ = {isa = PBXBuildFile; fileRef = 644AA0AA226CAEC3008F6BE3 /* ButtonBarPagerTabViewController.swift */; };
		644AA0AD226CAEEE008F6BE3 /* PagerTabViewController.swift in Sources */ = {isa = PBXBuildFile; fileRef = 644AA0AC226CAEEE008F6BE3 /* PagerTabViewController.swift */; };
		645479562263617300DAC2FC /* AppDelegate.swift in Sources */ = {isa = PBXBuildFile; fileRef = 645479552263617300DAC2FC /* AppDelegate.swift */; };
		645479582263617300DAC2FC /* MainContainerViewController.swift in Sources */ = {isa = PBXBuildFile; fileRef = 645479572263617300DAC2FC /* MainContainerViewController.swift */; };
		6454795B2263617300DAC2FC /* MainContainerViewController.storyboard in Resources */ = {isa = PBXBuildFile; fileRef = 645479592263617300DAC2FC /* MainContainerViewController.storyboard */; };
		6454795D2263617600DAC2FC /* Assets.xcassets in Resources */ = {isa = PBXBuildFile; fileRef = 6454795C2263617600DAC2FC /* Assets.xcassets */; };
		645479602263617600DAC2FC /* LaunchScreen.storyboard in Resources */ = {isa = PBXBuildFile; fileRef = 6454795E2263617600DAC2FC /* LaunchScreen.storyboard */; };
		6454796D2263623E00DAC2FC /* UIViewController+Util.swift in Sources */ = {isa = PBXBuildFile; fileRef = 6454796C2263623E00DAC2FC /* UIViewController+Util.swift */; };
		645479702263684300DAC2FC /* ButtonBarCollectionViewCell.swift in Sources */ = {isa = PBXBuildFile; fileRef = 6454796E2263684300DAC2FC /* ButtonBarCollectionViewCell.swift */; };
		645479712263684300DAC2FC /* ButtonBarCollectionViewCell.xib in Resources */ = {isa = PBXBuildFile; fileRef = 6454796F2263684300DAC2FC /* ButtonBarCollectionViewCell.xib */; };
		648DCFF222798D510006B53C /* ButtonBarCollectionView.swift in Sources */ = {isa = PBXBuildFile; fileRef = 648DCFF122798D510006B53C /* ButtonBarCollectionView.swift */; };
		648DCFF52280DBFB0006B53C /* UIFont+Util.swift in Sources */ = {isa = PBXBuildFile; fileRef = 648DCFF42280DBFB0006B53C /* UIFont+Util.swift */; };
		648DCFF7228CB6760006B53C /* UIColor+Util.swift in Sources */ = {isa = PBXBuildFile; fileRef = 648DCFF6228CB6760006B53C /* UIColor+Util.swift */; };
/* End PBXBuildFile section */

/* Begin PBXFileReference section */
		6439DF8E226CB17400C84EB3 /* PagerTabHelpers.swift */ = {isa = PBXFileReference; lastKnownFileType = sourcecode.swift; path = PagerTabHelpers.swift; sourceTree = "<group>"; };
		644996B322667EB8006A483D /* MainPagerTabDataSource.swift */ = {isa = PBXFileReference; lastKnownFileType = sourcecode.swift; path = MainPagerTabDataSource.swift; sourceTree = "<group>"; };
		644996B5226918D5006A483D /* PagerTabKind.swift */ = {isa = PBXFileReference; lastKnownFileType = sourcecode.swift; path = PagerTabKind.swift; sourceTree = "<group>"; };
		644AA090226C69D4008F6BE3 /* FirstViewController.swift */ = {isa = PBXFileReference; lastKnownFileType = sourcecode.swift; path = FirstViewController.swift; sourceTree = "<group>"; };
		644AA094226C69ED008F6BE3 /* SecondViewController.swift */ = {isa = PBXFileReference; lastKnownFileType = sourcecode.swift; path = SecondViewController.swift; sourceTree = "<group>"; };
		644AA098226C6A1A008F6BE3 /* ThirdViewController.swift */ = {isa = PBXFileReference; lastKnownFileType = sourcecode.swift; path = ThirdViewController.swift; sourceTree = "<group>"; };
		644AA09C226C6A2C008F6BE3 /* FourthViewController.swift */ = {isa = PBXFileReference; lastKnownFileType = sourcecode.swift; path = FourthViewController.swift; sourceTree = "<group>"; };
		644AA0A0226C6B17008F6BE3 /* FirstViewController.storyboard */ = {isa = PBXFileReference; lastKnownFileType = file.storyboard; path = FirstViewController.storyboard; sourceTree = "<group>"; };
		644AA0A2226C6B9B008F6BE3 /* SecondViewController.storyboard */ = {isa = PBXFileReference; lastKnownFileType = file.storyboard; path = SecondViewController.storyboard; sourceTree = "<group>"; };
		644AA0A4226C6BD6008F6BE3 /* ThirdViewController.storyboard */ = {isa = PBXFileReference; lastKnownFileType = file.storyboard; path = ThirdViewController.storyboard; sourceTree = "<group>"; };
		644AA0A6226C6C07008F6BE3 /* FourthViewController.storyboard */ = {isa = PBXFileReference; lastKnownFileType = file.storyboard; path = FourthViewController.storyboard; sourceTree = "<group>"; };
		644AA0A8226C711E008F6BE3 /* MainPagerTabViewController.swift */ = {isa = PBXFileReference; lastKnownFileType = sourcecode.swift; path = MainPagerTabViewController.swift; sourceTree = "<group>"; };
		644AA0AA226CAEC3008F6BE3 /* ButtonBarPagerTabViewController.swift */ = {isa = PBXFileReference; lastKnownFileType = sourcecode.swift; path = ButtonBarPagerTabViewController.swift; sourceTree = "<group>"; };
		644AA0AC226CAEEE008F6BE3 /* PagerTabViewController.swift */ = {isa = PBXFileReference; lastKnownFileType = sourcecode.swift; path = PagerTabViewController.swift; sourceTree = "<group>"; };
		645479522263617300DAC2FC /* Swift_ContainerWithCollectionView.app */ = {isa = PBXFileReference; explicitFileType = wrapper.application; includeInIndex = 0; path = Swift_ContainerWithCollectionView.app; sourceTree = BUILT_PRODUCTS_DIR; };
		645479552263617300DAC2FC /* AppDelegate.swift */ = {isa = PBXFileReference; lastKnownFileType = sourcecode.swift; path = AppDelegate.swift; sourceTree = "<group>"; };
		645479572263617300DAC2FC /* MainContainerViewController.swift */ = {isa = PBXFileReference; lastKnownFileType = sourcecode.swift; path = MainContainerViewController.swift; sourceTree = "<group>"; };
		6454795A2263617300DAC2FC /* Base */ = {isa = PBXFileReference; lastKnownFileType = file.storyboard; name = Base; path = Base.lproj/MainContainerViewController.storyboard; sourceTree = "<group>"; };
		6454795C2263617600DAC2FC /* Assets.xcassets */ = {isa = PBXFileReference; lastKnownFileType = folder.assetcatalog; path = Assets.xcassets; sourceTree = "<group>"; };
		6454795F2263617600DAC2FC /* Base */ = {isa = PBXFileReference; lastKnownFileType = file.storyboard; name = Base; path = Base.lproj/LaunchScreen.storyboard; sourceTree = "<group>"; };
		645479612263617600DAC2FC /* Info.plist */ = {isa = PBXFileReference; lastKnownFileType = text.plist.xml; path = Info.plist; sourceTree = "<group>"; };
		6454796C2263623E00DAC2FC /* UIViewController+Util.swift */ = {isa = PBXFileReference; lastKnownFileType = sourcecode.swift; path = "UIViewController+Util.swift"; sourceTree = "<group>"; };
		6454796E2263684300DAC2FC /* ButtonBarCollectionViewCell.swift */ = {isa = PBXFileReference; lastKnownFileType = sourcecode.swift; path = ButtonBarCollectionViewCell.swift; sourceTree = "<group>"; };
		6454796F2263684300DAC2FC /* ButtonBarCollectionViewCell.xib */ = {isa = PBXFileReference; lastKnownFileType = file.xib; path = ButtonBarCollectionViewCell.xib; sourceTree = "<group>"; };
		648DCFF122798D510006B53C /* ButtonBarCollectionView.swift */ = {isa = PBXFileReference; lastKnownFileType = sourcecode.swift; path = ButtonBarCollectionView.swift; sourceTree = "<group>"; };
		648DCFF42280DBFB0006B53C /* UIFont+Util.swift */ = {isa = PBXFileReference; lastKnownFileType = sourcecode.swift; path = "UIFont+Util.swift"; sourceTree = "<group>"; };
		648DCFF6228CB6760006B53C /* UIColor+Util.swift */ = {isa = PBXFileReference; lastKnownFileType = sourcecode.swift; path = "UIColor+Util.swift"; sourceTree = "<group>"; };
/* End PBXFileReference section */

/* Begin PBXFrameworksBuildPhase section */
		6454794F2263617300DAC2FC /* Frameworks */ = {
			isa = PBXFrameworksBuildPhase;
			buildActionMask = 2147483647;
			files = (
			);
			runOnlyForDeploymentPostprocessing = 0;
		};
/* End PBXFrameworksBuildPhase section */

/* Begin PBXGroup section */
		644AA08C226C6957008F6BE3 /* FirstView */ = {
			isa = PBXGroup;
			children = (
				644AA090226C69D4008F6BE3 /* FirstViewController.swift */,
				644AA0A0226C6B17008F6BE3 /* FirstViewController.storyboard */,
			);
			path = FirstView;
			sourceTree = "<group>";
		};
		644AA08D226C6969008F6BE3 /* SecondView */ = {
			isa = PBXGroup;
			children = (
				644AA094226C69ED008F6BE3 /* SecondViewController.swift */,
				644AA0A2226C6B9B008F6BE3 /* SecondViewController.storyboard */,
			);
			path = SecondView;
			sourceTree = "<group>";
		};
		644AA08E226C6974008F6BE3 /* ThirdView */ = {
			isa = PBXGroup;
			children = (
				644AA098226C6A1A008F6BE3 /* ThirdViewController.swift */,
				644AA0A4226C6BD6008F6BE3 /* ThirdViewController.storyboard */,
			);
			path = ThirdView;
			sourceTree = "<group>";
		};
		644AA08F226C6980008F6BE3 /* FourthView */ = {
			isa = PBXGroup;
			children = (
				644AA09C226C6A2C008F6BE3 /* FourthViewController.swift */,
				644AA0A6226C6C07008F6BE3 /* FourthViewController.storyboard */,
			);
			path = FourthView;
			sourceTree = "<group>";
		};
		645479492263617300DAC2FC = {
			isa = PBXGroup;
			children = (
				645479542263617300DAC2FC /* Swift_ContainerWithCollectionView */,
				645479532263617300DAC2FC /* Products */,
			);
			sourceTree = "<group>";
		};
		645479532263617300DAC2FC /* Products */ = {
			isa = PBXGroup;
			children = (
				645479522263617300DAC2FC /* Swift_ContainerWithCollectionView.app */,
			);
			name = Products;
			sourceTree = "<group>";
		};
		645479542263617300DAC2FC /* Swift_ContainerWithCollectionView */ = {
			isa = PBXGroup;
			children = (
				645479672263617E00DAC2FC /* Source */,
				6454795C2263617600DAC2FC /* Assets.xcassets */,
				6454795E2263617600DAC2FC /* LaunchScreen.storyboard */,
				645479612263617600DAC2FC /* Info.plist */,
			);
			path = Swift_ContainerWithCollectionView;
			sourceTree = "<group>";
		};
		645479672263617E00DAC2FC /* Source */ = {
			isa = PBXGroup;
			children = (
				64547969226361A800DAC2FC /* Extensions */,
				6454796A226361DB00DAC2FC /* Scene */,
				645479552263617300DAC2FC /* AppDelegate.swift */,
			);
			path = Source;
			sourceTree = "<group>";
		};
		64547969226361A800DAC2FC /* Extensions */ = {
			isa = PBXGroup;
			children = (
				6454796C2263623E00DAC2FC /* UIViewController+Util.swift */,
				648DCFF42280DBFB0006B53C /* UIFont+Util.swift */,
				648DCFF6228CB6760006B53C /* UIColor+Util.swift */,
			);
			path = Extensions;
			sourceTree = "<group>";
		};
		6454796A226361DB00DAC2FC /* Scene */ = {
			isa = PBXGroup;
			children = (
				6454796B226361F100DAC2FC /* Main */,
				644AA08C226C6957008F6BE3 /* FirstView */,
				644AA08D226C6969008F6BE3 /* SecondView */,
				644AA08E226C6974008F6BE3 /* ThirdView */,
				644AA08F226C6980008F6BE3 /* FourthView */,
			);
			path = Scene;
			sourceTree = "<group>";
		};
		6454796B226361F100DAC2FC /* Main */ = {
			isa = PBXGroup;
			children = (
				645479882263D2C800DAC2FC /* PagerTab */,
				648DCFF3227E70F20006B53C /* Child */,
				644996B322667EB8006A483D /* MainPagerTabDataSource.swift */,
				645479572263617300DAC2FC /* MainContainerViewController.swift */,
				645479592263617300DAC2FC /* MainContainerViewController.storyboard */,
			);
			path = Main;
			sourceTree = "<group>";
		};
		645479882263D2C800DAC2FC /* PagerTab */ = {
			isa = PBXGroup;
			children = (
				644996B5226918D5006A483D /* PagerTabKind.swift */,
				6439DF8E226CB17400C84EB3 /* PagerTabHelpers.swift */,
				648DCFF122798D510006B53C /* ButtonBarCollectionView.swift */,
				6454796E2263684300DAC2FC /* ButtonBarCollectionViewCell.swift */,
				6454796F2263684300DAC2FC /* ButtonBarCollectionViewCell.xib */,
			);
			path = PagerTab;
			sourceTree = "<group>";
		};
		648DCFF3227E70F20006B53C /* Child */ = {
			isa = PBXGroup;
			children = (
				644AA0AC226CAEEE008F6BE3 /* PagerTabViewController.swift */,
				644AA0AA226CAEC3008F6BE3 /* ButtonBarPagerTabViewController.swift */,
				644AA0A8226C711E008F6BE3 /* MainPagerTabViewController.swift */,
			);
			path = Child;
			sourceTree = "<group>";
		};
/* End PBXGroup section */

/* Begin PBXNativeTarget section */
		645479512263617300DAC2FC /* Swift_ContainerWithCollectionView */ = {
			isa = PBXNativeTarget;
			buildConfigurationList = 645479642263617600DAC2FC /* Build configuration list for PBXNativeTarget "Swift_ContainerWithCollectionView" */;
			buildPhases = (
				6454794E2263617300DAC2FC /* Sources */,
				6454794F2263617300DAC2FC /* Frameworks */,
				645479502263617300DAC2FC /* Resources */,
			);
			buildRules = (
			);
			dependencies = (
			);
			name = Swift_ContainerWithCollectionView;
			productName = Swift_ContainerWithCollectionView;
			productReference = 645479522263617300DAC2FC /* Swift_ContainerWithCollectionView.app */;
			productType = "com.apple.product-type.application";
		};
/* End PBXNativeTarget section */

/* Begin PBXProject section */
		6454794A2263617300DAC2FC /* Project object */ = {
			isa = PBXProject;
			attributes = {
				LastSwiftUpdateCheck = 1020;
				LastUpgradeCheck = 1020;
				ORGANIZATIONNAME = "一木 英希";
				TargetAttributes = {
					645479512263617300DAC2FC = {
						CreatedOnToolsVersion = 10.2;
					};
				};
			};
			buildConfigurationList = 6454794D2263617300DAC2FC /* Build configuration list for PBXProject "Swift_ContainerWithCollectionView" */;
			compatibilityVersion = "Xcode 9.3";
			developmentRegion = en;
			hasScannedForEncodings = 0;
			knownRegions = (
				en,
				Base,
			);
			mainGroup = 645479492263617300DAC2FC;
			productRefGroup = 645479532263617300DAC2FC /* Products */;
			projectDirPath = "";
			projectRoot = "";
			targets = (
				645479512263617300DAC2FC /* Swift_ContainerWithCollectionView */,
			);
		};
/* End PBXProject section */

/* Begin PBXResourcesBuildPhase section */
		645479502263617300DAC2FC /* Resources */ = {
			isa = PBXResourcesBuildPhase;
			buildActionMask = 2147483647;
			files = (
				645479712263684300DAC2FC /* ButtonBarCollectionViewCell.xib in Resources */,
				644AA0A3226C6B9B008F6BE3 /* SecondViewController.storyboard in Resources */,
				644AA0A1226C6B17008F6BE3 /* FirstViewController.storyboard in Resources */,
				645479602263617600DAC2FC /* LaunchScreen.storyboard in Resources */,
				6454795D2263617600DAC2FC /* Assets.xcassets in Resources */,
				644AA0A7226C6C07008F6BE3 /* FourthViewController.storyboard in Resources */,
				644AA0A5226C6BD6008F6BE3 /* ThirdViewController.storyboard in Resources */,
				6454795B2263617300DAC2FC /* MainContainerViewController.storyboard in Resources */,
			);
			runOnlyForDeploymentPostprocessing = 0;
		};
/* End PBXResourcesBuildPhase section */

/* Begin PBXSourcesBuildPhase section */
		6454794E2263617300DAC2FC /* Sources */ = {
			isa = PBXSourcesBuildPhase;
			buildActionMask = 2147483647;
			files = (
				644AA096226C69ED008F6BE3 /* SecondViewController.swift in Sources */,
				644AA09A226C6A1A008F6BE3 /* ThirdViewController.swift in Sources */,
				645479702263684300DAC2FC /* ButtonBarCollectionViewCell.swift in Sources */,
				6439DF8F226CB17400C84EB3 /* PagerTabHelpers.swift in Sources */,
				644996B6226918D5006A483D /* PagerTabKind.swift in Sources */,
				644AA09E226C6A2C008F6BE3 /* FourthViewController.swift in Sources */,
				6454796D2263623E00DAC2FC /* UIViewController+Util.swift in Sources */,
				644AA0A9226C711E008F6BE3 /* MainPagerTabViewController.swift in Sources */,
				648DCFF7228CB6760006B53C /* UIColor+Util.swift in Sources */,
				644AA0AD226CAEEE008F6BE3 /* PagerTabViewController.swift in Sources */,
				645479582263617300DAC2FC /* MainContainerViewController.swift in Sources */,
				648DCFF52280DBFB0006B53C /* UIFont+Util.swift in Sources */,
				648DCFF222798D510006B53C /* ButtonBarCollectionView.swift in Sources */,
				645479562263617300DAC2FC /* AppDelegate.swift in Sources */,
				644996B422667EB8006A483D /* MainPagerTabDataSource.swift in Sources */,
				644AA0AB226CAEC3008F6BE3 /* ButtonBarPagerTabViewController.swift in Sources */,
				644AA092226C69D4008F6BE3 /* FirstViewController.swift in Sources */,
			);
			runOnlyForDeploymentPostprocessing = 0;
		};
/* End PBXSourcesBuildPhase section */

/* Begin PBXVariantGroup section */
		645479592263617300DAC2FC /* MainContainerViewController.storyboard */ = {
			isa = PBXVariantGroup;
			children = (
				6454795A2263617300DAC2FC /* Base */,
			);
			name = MainContainerViewController.storyboard;
			sourceTree = "<group>";
		};
		6454795E2263617600DAC2FC /* LaunchScreen.storyboard */ = {
			isa = PBXVariantGroup;
			children = (
				6454795F2263617600DAC2FC /* Base */,
			);
			name = LaunchScreen.storyboard;
			sourceTree = "<group>";
		};
/* End PBXVariantGroup section */

/* Begin XCBuildConfiguration section */
		645479622263617600DAC2FC /* Debug */ = {
			isa = XCBuildConfiguration;
			buildSettings = {
				ALWAYS_SEARCH_USER_PATHS = NO;
				CLANG_ANALYZER_NONNULL = YES;
				CLANG_ANALYZER_NUMBER_OBJECT_CONVERSION = YES_AGGRESSIVE;
				CLANG_CXX_LANGUAGE_STANDARD = "gnu++14";
				CLANG_CXX_LIBRARY = "libc++";
				CLANG_ENABLE_MODULES = YES;
				CLANG_ENABLE_OBJC_ARC = YES;
				CLANG_ENABLE_OBJC_WEAK = YES;
				CLANG_WARN_BLOCK_CAPTURE_AUTORELEASING = YES;
				CLANG_WARN_BOOL_CONVERSION = YES;
				CLANG_WARN_COMMA = YES;
				CLANG_WARN_CONSTANT_CONVERSION = YES;
				CLANG_WARN_DEPRECATED_OBJC_IMPLEMENTATIONS = YES;
				CLANG_WARN_DIRECT_OBJC_ISA_USAGE = YES_ERROR;
				CLANG_WARN_DOCUMENTATION_COMMENTS = YES;
				CLANG_WARN_EMPTY_BODY = YES;
				CLANG_WARN_ENUM_CONVERSION = YES;
				CLANG_WARN_INFINITE_RECURSION = YES;
				CLANG_WARN_INT_CONVERSION = YES;
				CLANG_WARN_NON_LITERAL_NULL_CONVERSION = YES;
				CLANG_WARN_OBJC_IMPLICIT_RETAIN_SELF = YES;
				CLANG_WARN_OBJC_LITERAL_CONVERSION = YES;
				CLANG_WARN_OBJC_ROOT_CLASS = YES_ERROR;
				CLANG_WARN_RANGE_LOOP_ANALYSIS = YES;
				CLANG_WARN_STRICT_PROTOTYPES = YES;
				CLANG_WARN_SUSPICIOUS_MOVE = YES;
				CLANG_WARN_UNGUARDED_AVAILABILITY = YES_AGGRESSIVE;
				CLANG_WARN_UNREACHABLE_CODE = YES;
				CLANG_WARN__DUPLICATE_METHOD_MATCH = YES;
				CODE_SIGN_IDENTITY = "iPhone Developer";
				COPY_PHASE_STRIP = NO;
				DEBUG_INFORMATION_FORMAT = dwarf;
				ENABLE_STRICT_OBJC_MSGSEND = YES;
				ENABLE_TESTABILITY = YES;
				GCC_C_LANGUAGE_STANDARD = gnu11;
				GCC_DYNAMIC_NO_PIC = NO;
				GCC_NO_COMMON_BLOCKS = YES;
				GCC_OPTIMIZATION_LEVEL = 0;
				GCC_PREPROCESSOR_DEFINITIONS = (
					"DEBUG=1",
					"$(inherited)",
				);
				GCC_WARN_64_TO_32_BIT_CONVERSION = YES;
				GCC_WARN_ABOUT_RETURN_TYPE = YES_ERROR;
				GCC_WARN_UNDECLARED_SELECTOR = YES;
				GCC_WARN_UNINITIALIZED_AUTOS = YES_AGGRESSIVE;
				GCC_WARN_UNUSED_FUNCTION = YES;
				GCC_WARN_UNUSED_VARIABLE = YES;
				IPHONEOS_DEPLOYMENT_TARGET = 12.2;
				MTL_ENABLE_DEBUG_INFO = INCLUDE_SOURCE;
				MTL_FAST_MATH = YES;
				ONLY_ACTIVE_ARCH = YES;
				SDKROOT = iphoneos;
				SWIFT_ACTIVE_COMPILATION_CONDITIONS = DEBUG;
				SWIFT_OPTIMIZATION_LEVEL = "-Onone";
			};
			name = Debug;
		};
		645479632263617600DAC2FC /* Release */ = {
			isa = XCBuildConfiguration;
			buildSettings = {
				ALWAYS_SEARCH_USER_PATHS = NO;
				CLANG_ANALYZER_NONNULL = YES;
				CLANG_ANALYZER_NUMBER_OBJECT_CONVERSION = YES_AGGRESSIVE;
				CLANG_CXX_LANGUAGE_STANDARD = "gnu++14";
				CLANG_CXX_LIBRARY = "libc++";
				CLANG_ENABLE_MODULES = YES;
				CLANG_ENABLE_OBJC_ARC = YES;
				CLANG_ENABLE_OBJC_WEAK = YES;
				CLANG_WARN_BLOCK_CAPTURE_AUTORELEASING = YES;
				CLANG_WARN_BOOL_CONVERSION = YES;
				CLANG_WARN_COMMA = YES;
				CLANG_WARN_CONSTANT_CONVERSION = YES;
				CLANG_WARN_DEPRECATED_OBJC_IMPLEMENTATIONS = YES;
				CLANG_WARN_DIRECT_OBJC_ISA_USAGE = YES_ERROR;
				CLANG_WARN_DOCUMENTATION_COMMENTS = YES;
				CLANG_WARN_EMPTY_BODY = YES;
				CLANG_WARN_ENUM_CONVERSION = YES;
				CLANG_WARN_INFINITE_RECURSION = YES;
				CLANG_WARN_INT_CONVERSION = YES;
				CLANG_WARN_NON_LITERAL_NULL_CONVERSION = YES;
				CLANG_WARN_OBJC_IMPLICIT_RETAIN_SELF = YES;
				CLANG_WARN_OBJC_LITERAL_CONVERSION = YES;
				CLANG_WARN_OBJC_ROOT_CLASS = YES_ERROR;
				CLANG_WARN_RANGE_LOOP_ANALYSIS = YES;
				CLANG_WARN_STRICT_PROTOTYPES = YES;
				CLANG_WARN_SUSPICIOUS_MOVE = YES;
				CLANG_WARN_UNGUARDED_AVAILABILITY = YES_AGGRESSIVE;
				CLANG_WARN_UNREACHABLE_CODE = YES;
				CLANG_WARN__DUPLICATE_METHOD_MATCH = YES;
				CODE_SIGN_IDENTITY = "iPhone Developer";
				COPY_PHASE_STRIP = NO;
				DEBUG_INFORMATION_FORMAT = "dwarf-with-dsym";
				ENABLE_NS_ASSERTIONS = NO;
				ENABLE_STRICT_OBJC_MSGSEND = YES;
				GCC_C_LANGUAGE_STANDARD = gnu11;
				GCC_NO_COMMON_BLOCKS = YES;
				GCC_WARN_64_TO_32_BIT_CONVERSION = YES;
				GCC_WARN_ABOUT_RETURN_TYPE = YES_ERROR;
				GCC_WARN_UNDECLARED_SELECTOR = YES;
				GCC_WARN_UNINITIALIZED_AUTOS = YES_AGGRESSIVE;
				GCC_WARN_UNUSED_FUNCTION = YES;
				GCC_WARN_UNUSED_VARIABLE = YES;
				IPHONEOS_DEPLOYMENT_TARGET = 12.2;
				MTL_ENABLE_DEBUG_INFO = NO;
				MTL_FAST_MATH = YES;
				SDKROOT = iphoneos;
				SWIFT_COMPILATION_MODE = wholemodule;
				SWIFT_OPTIMIZATION_LEVEL = "-O";
				VALIDATE_PRODUCT = YES;
			};
			name = Release;
		};
		645479652263617600DAC2FC /* Debug */ = {
			isa = XCBuildConfiguration;
			buildSettings = {
				ASSETCATALOG_COMPILER_APPICON_NAME = AppIcon;
				CODE_SIGN_STYLE = Automatic;
				DEVELOPMENT_TEAM = 9GB532YE2V;
				INFOPLIST_FILE = Swift_ContainerWithCollectionView/Info.plist;
				LD_RUNPATH_SEARCH_PATHS = (
					"$(inherited)",
					"@executable_path/Frameworks",
				);
				PRODUCT_BUNDLE_IDENTIFIER = "com.various-works.Swift-ContainerWithCollectionView";
				PRODUCT_NAME = "$(TARGET_NAME)";
				SWIFT_VERSION = 5.0;
				TARGETED_DEVICE_FAMILY = "1,2";
			};
			name = Debug;
		};
		645479662263617600DAC2FC /* Release */ = {
			isa = XCBuildConfiguration;
			buildSettings = {
				ASSETCATALOG_COMPILER_APPICON_NAME = AppIcon;
				CODE_SIGN_STYLE = Automatic;
				DEVELOPMENT_TEAM = 9GB532YE2V;
				INFOPLIST_FILE = Swift_ContainerWithCollectionView/Info.plist;
				LD_RUNPATH_SEARCH_PATHS = (
					"$(inherited)",
					"@executable_path/Frameworks",
				);
				PRODUCT_BUNDLE_IDENTIFIER = "com.various-works.Swift-ContainerWithCollectionView";
				PRODUCT_NAME = "$(TARGET_NAME)";
				SWIFT_VERSION = 5.0;
				TARGETED_DEVICE_FAMILY = "1,2";
			};
			name = Release;
		};
/* End XCBuildConfiguration section */

/* Begin XCConfigurationList section */
		6454794D2263617300DAC2FC /* Build configuration list for PBXProject "Swift_ContainerWithCollectionView" */ = {
			isa = XCConfigurationList;
			buildConfigurations = (
				645479622263617600DAC2FC /* Debug */,
				645479632263617600DAC2FC /* Release */,
			);
			defaultConfigurationIsVisible = 0;
			defaultConfigurationName = Release;
		};
		645479642263617600DAC2FC /* Build configuration list for PBXNativeTarget "Swift_ContainerWithCollectionView" */ = {
			isa = XCConfigurationList;
			buildConfigurations = (
				645479652263617600DAC2FC /* Debug */,
				645479662263617600DAC2FC /* Release */,
			);
			defaultConfigurationIsVisible = 0;
			defaultConfigurationName = Release;
		};
/* End XCConfigurationList section */
	};
	rootObject = 6454794A2263617300DAC2FC /* Project object */;
}
