// !$*UTF8*$!
{
	archiveVersion = 1;
	classes = {
	};
	objectVersion = 50;
	objects = {

/* Begin PBXBuildFile section */
		645479562263617300DAC2FC /* AppDelegate.swift in Sources */ = {isa = PBXBuildFile; fileRef = 645479552263617300DAC2FC /* AppDelegate.swift */; };
		645479582263617300DAC2FC /* ViewController.swift in Sources */ = {isa = PBXBuildFile; fileRef = 645479572263617300DAC2FC /* ViewController.swift */; };
		6454795B2263617300DAC2FC /* Main.storyboard in Resources */ = {isa = PBXBuildFile; fileRef = 645479592263617300DAC2FC /* Main.storyboard */; };
		6454795D2263617600DAC2FC /* Assets.xcassets in Resources */ = {isa = PBXBuildFile; fileRef = 6454795C2263617600DAC2FC /* Assets.xcassets */; };
		645479602263617600DAC2FC /* LaunchScreen.storyboard in Resources */ = {isa = PBXBuildFile; fileRef = 6454795E2263617600DAC2FC /* LaunchScreen.storyboard */; };
		6454796D2263623E00DAC2FC /* UIViewController+Util.swift in Sources */ = {isa = PBXBuildFile; fileRef = 6454796C2263623E00DAC2FC /* UIViewController+Util.swift */; };
		645479702263684300DAC2FC /* ButtonBarCollectionViewCell.swift in Sources */ = {isa = PBXBuildFile; fileRef = 6454796E2263684300DAC2FC /* ButtonBarCollectionViewCell.swift */; };
		645479712263684300DAC2FC /* ButtonBarCollectionViewCell.xib in Resources */ = {isa = PBXBuildFile; fileRef = 6454796F2263684300DAC2FC /* ButtonBarCollectionViewCell.xib */; };
/* End PBXBuildFile section */

/* Begin PBXFileReference section */
		645479522263617300DAC2FC /* Swift_ContainerWithCollectionView.app */ = {isa = PBXFileReference; explicitFileType = wrapper.application; includeInIndex = 0; path = Swift_ContainerWithCollectionView.app; sourceTree = BUILT_PRODUCTS_DIR; };
		645479552263617300DAC2FC /* AppDelegate.swift */ = {isa = PBXFileReference; lastKnownFileType = sourcecode.swift; path = AppDelegate.swift; sourceTree = "<group>"; };
		645479572263617300DAC2FC /* ViewController.swift */ = {isa = PBXFileReference; lastKnownFileType = sourcecode.swift; path = ViewController.swift; sourceTree = "<group>"; };
		6454795A2263617300DAC2FC /* Base */ = {isa = PBXFileReference; lastKnownFileType = file.storyboard; name = Base; path = Base.lproj/Main.storyboard; sourceTree = "<group>"; };
		6454795C2263617600DAC2FC /* Assets.xcassets */ = {isa = PBXFileReference; lastKnownFileType = folder.assetcatalog; path = Assets.xcassets; sourceTree = "<group>"; };
		6454795F2263617600DAC2FC /* Base */ = {isa = PBXFileReference; lastKnownFileType = file.storyboard; name = Base; path = Base.lproj/LaunchScreen.storyboard; sourceTree = "<group>"; };
		645479612263617600DAC2FC /* Info.plist */ = {isa = PBXFileReference; lastKnownFileType = text.plist.xml; path = Info.plist; sourceTree = "<group>"; };
		6454796C2263623E00DAC2FC /* UIViewController+Util.swift */ = {isa = PBXFileReference; lastKnownFileType = sourcecode.swift; path = "UIViewController+Util.swift"; sourceTree = "<group>"; };
		6454796E2263684300DAC2FC /* ButtonBarCollectionViewCell.swift */ = {isa = PBXFileReference; lastKnownFileType = sourcecode.swift; path = ButtonBarCollectionViewCell.swift; sourceTree = "<group>"; };
		6454796F2263684300DAC2FC /* ButtonBarCollectionViewCell.xib */ = {isa = PBXFileReference; lastKnownFileType = file.xib; path = ButtonBarCollectionViewCell.xib; sourceTree = "<group>"; };
/* End PBXFileReference section */

/* Begin PBXFrameworksBuildPhase section */
		6454794F2263617300DAC2FC /* Frameworks */ = {
			isa = PBXFrameworksBuildPhase;
			buildActionMask = 2147483647;
			files = (
			);
			runOnlyForDeploymentPostprocessing = 0;
		};
/* End PBXFrameworksBuildPhase section */

/* Begin PBXGroup section */
		645479492263617300DAC2FC = {
			isa = PBXGroup;
			children = (
				645479542263617300DAC2FC /* Swift_ContainerWithCollectionView */,
				645479532263617300DAC2FC /* Products */,
			);
			sourceTree = "<group>";
		};
		645479532263617300DAC2FC /* Products */ = {
			isa = PBXGroup;
			children = (
				645479522263617300DAC2FC /* Swift_ContainerWithCollectionView.app */,
			);
			name = Products;
			sourceTree = "<group>";
		};
		645479542263617300DAC2FC /* Swift_ContainerWithCollectionView */ = {
			isa = PBXGroup;
			children = (
				645479672263617E00DAC2FC /* Source */,
				6454795C2263617600DAC2FC /* Assets.xcassets */,
				6454795E2263617600DAC2FC /* LaunchScreen.storyboard */,
				645479612263617600DAC2FC /* Info.plist */,
			);
			path = Swift_ContainerWithCollectionView;
			sourceTree = "<group>";
		};
		645479672263617E00DAC2FC /* Source */ = {
			isa = PBXGroup;
			children = (
				6454796A226361DB00DAC2FC /* Scene */,
				645479552263617300DAC2FC /* AppDelegate.swift */,
			);
			path = Source;
			sourceTree = "<group>";
		};
		64547968226361A000DAC2FC /* Common */ = {
			isa = PBXGroup;
			children = (
				6454796E2263684300DAC2FC /* ButtonBarCollectionViewCell.swift */,
				6454796F2263684300DAC2FC /* ButtonBarCollectionViewCell.xib */,
			);
			path = Common;
			sourceTree = "<group>";
		};
		64547969226361A800DAC2FC /* Extensions */ = {
			isa = PBXGroup;
			children = (
				6454796C2263623E00DAC2FC /* UIViewController+Util.swift */,
			);
			path = Extensions;
			sourceTree = "<group>";
		};
		6454796A226361DB00DAC2FC /* Scene */ = {
			isa = PBXGroup;
			children = (
				64547968226361A000DAC2FC /* Common */,
				64547969226361A800DAC2FC /* Extensions */,
				6454796B226361F100DAC2FC /* Main */,
			);
			path = Scene;
			sourceTree = "<group>";
		};
		6454796B226361F100DAC2FC /* Main */ = {
			isa = PBXGroup;
			children = (
				645479572263617300DAC2FC /* ViewController.swift */,
				645479592263617300DAC2FC /* Main.storyboard */,
			);
			path = Main;
			sourceTree = "<group>";
		};
/* End PBXGroup section */

/* Begin PBXNativeTarget section */
		645479512263617300DAC2FC /* Swift_ContainerWithCollectionView */ = {
			isa = PBXNativeTarget;
			buildConfigurationList = 645479642263617600DAC2FC /* Build configuration list for PBXNativeTarget "Swift_ContainerWithCollectionView" */;
			buildPhases = (
				6454794E2263617300DAC2FC /* Sources */,
				6454794F2263617300DAC2FC /* Frameworks */,
				645479502263617300DAC2FC /* Resources */,
			);
			buildRules = (
			);
			dependencies = (
			);
			name = Swift_ContainerWithCollectionView;
			productName = Swift_ContainerWithCollectionView;
			productReference = 645479522263617300DAC2FC /* Swift_ContainerWithCollectionView.app */;
			productType = "com.apple.product-type.application";
		};
/* End PBXNativeTarget section */

/* Begin PBXProject section */
		6454794A2263617300DAC2FC /* Project object */ = {
			isa = PBXProject;
			attributes = {
				LastSwiftUpdateCheck = 1020;
				LastUpgradeCheck = 1020;
				ORGANIZATIONNAME = "一木 英希";
				TargetAttributes = {
					645479512263617300DAC2FC = {
						CreatedOnToolsVersion = 10.2;
					};
				};
			};
			buildConfigurationList = 6454794D2263617300DAC2FC /* Build configuration list for PBXProject "Swift_ContainerWithCollectionView" */;
			compatibilityVersion = "Xcode 9.3";
			developmentRegion = en;
			hasScannedForEncodings = 0;
			knownRegions = (
				en,
				Base,
			);
			mainGroup = 645479492263617300DAC2FC;
			productRefGroup = 645479532263617300DAC2FC /* Products */;
			projectDirPath = "";
			projectRoot = "";
			targets = (
				645479512263617300DAC2FC /* Swift_ContainerWithCollectionView */,
			);
		};
/* End PBXProject section */

/* Begin PBXResourcesBuildPhase section */
		645479502263617300DAC2FC /* Resources */ = {
			isa = PBXResourcesBuildPhase;
			buildActionMask = 2147483647;
			files = (
				645479712263684300DAC2FC /* ButtonBarCollectionViewCell.xib in Resources */,
				645479602263617600DAC2FC /* LaunchScreen.storyboard in Resources */,
				6454795D2263617600DAC2FC /* Assets.xcassets in Resources */,
				6454795B2263617300DAC2FC /* Main.storyboard in Resources */,
			);
			runOnlyForDeploymentPostprocessing = 0;
		};
/* End PBXResourcesBuildPhase section */

/* Begin PBXSourcesBuildPhase section */
		6454794E2263617300DAC2FC /* Sources */ = {
			isa = PBXSourcesBuildPhase;
			buildActionMask = 2147483647;
			files = (
				645479702263684300DAC2FC /* ButtonBarCollectionViewCell.swift in Sources */,
				6454796D2263623E00DAC2FC /* UIViewController+Util.swift in Sources */,
				645479582263617300DAC2FC /* ViewController.swift in Sources */,
				645479562263617300DAC2FC /* AppDelegate.swift in Sources */,
			);
			runOnlyForDeploymentPostprocessing = 0;
		};
/* End PBXSourcesBuildPhase section */

/* Begin PBXVariantGroup section */
		645479592263617300DAC2FC /* Main.storyboard */ = {
			isa = PBXVariantGroup;
			children = (
				6454795A2263617300DAC2FC /* Base */,
			);
			name = Main.storyboard;
			sourceTree = "<group>";
		};
		6454795E2263617600DAC2FC /* LaunchScreen.storyboard */ = {
			isa = PBXVariantGroup;
			children = (
				6454795F2263617600DAC2FC /* Base */,
			);
			name = LaunchScreen.storyboard;
			sourceTree = "<group>";
		};
/* End PBXVariantGroup section */

/* Begin XCBuildConfiguration section */
		645479622263617600DAC2FC /* Debug */ = {
			isa = XCBuildConfiguration;
			buildSettings = {
				ALWAYS_SEARCH_USER_PATHS = NO;
				CLANG_ANALYZER_NONNULL = YES;
				CLANG_ANALYZER_NUMBER_OBJECT_CONVERSION = YES_AGGRESSIVE;
				CLANG_CXX_LANGUAGE_STANDARD = "gnu++14";
				CLANG_CXX_LIBRARY = "libc++";
				CLANG_ENABLE_MODULES = YES;
				CLANG_ENABLE_OBJC_ARC = YES;
				CLANG_ENABLE_OBJC_WEAK = YES;
				CLANG_WARN_BLOCK_CAPTURE_AUTORELEASING = YES;
				CLANG_WARN_BOOL_CONVERSION = YES;
				CLANG_WARN_COMMA = YES;
				CLANG_WARN_CONSTANT_CONVERSION = YES;
				CLANG_WARN_DEPRECATED_OBJC_IMPLEMENTATIONS = YES;
				CLANG_WARN_DIRECT_OBJC_ISA_USAGE = YES_ERROR;
				CLANG_WARN_DOCUMENTATION_COMMENTS = YES;
				CLANG_WARN_EMPTY_BODY = YES;
				CLANG_WARN_ENUM_CONVERSION = YES;
				CLANG_WARN_INFINITE_RECURSION = YES;
				CLANG_WARN_INT_CONVERSION = YES;
				CLANG_WARN_NON_LITERAL_NULL_CONVERSION = YES;
				CLANG_WARN_OBJC_IMPLICIT_RETAIN_SELF = YES;
				CLANG_WARN_OBJC_LITERAL_CONVERSION = YES;
				CLANG_WARN_OBJC_ROOT_CLASS = YES_ERROR;
				CLANG_WARN_RANGE_LOOP_ANALYSIS = YES;
				CLANG_WARN_STRICT_PROTOTYPES = YES;
				CLANG_WARN_SUSPICIOUS_MOVE = YES;
				CLANG_WARN_UNGUARDED_AVAILABILITY = YES_AGGRESSIVE;
				CLANG_WARN_UNREACHABLE_CODE = YES;
				CLANG_WARN__DUPLICATE_METHOD_MATCH = YES;
				CODE_SIGN_IDENTITY = "iPhone Developer";
				COPY_PHASE_STRIP = NO;
				DEBUG_INFORMATION_FORMAT = dwarf;
				ENABLE_STRICT_OBJC_MSGSEND = YES;
				ENABLE_TESTABILITY = YES;
				GCC_C_LANGUAGE_STANDARD = gnu11;
				GCC_DYNAMIC_NO_PIC = NO;
				GCC_NO_COMMON_BLOCKS = YES;
				GCC_OPTIMIZATION_LEVEL = 0;
				GCC_PREPROCESSOR_DEFINITIONS = (
					"DEBUG=1",
					"$(inherited)",
				);
				GCC_WARN_64_TO_32_BIT_CONVERSION = YES;
				GCC_WARN_ABOUT_RETURN_TYPE = YES_ERROR;
				GCC_WARN_UNDECLARED_SELECTOR = YES;
				GCC_WARN_UNINITIALIZED_AUTOS = YES_AGGRESSIVE;
				GCC_WARN_UNUSED_FUNCTION = YES;
				GCC_WARN_UNUSED_VARIABLE = YES;
				IPHONEOS_DEPLOYMENT_TARGET = 12.2;
				MTL_ENABLE_DEBUG_INFO = INCLUDE_SOURCE;
				MTL_FAST_MATH = YES;
				ONLY_ACTIVE_ARCH = YES;
				SDKROOT = iphoneos;
				SWIFT_ACTIVE_COMPILATION_CONDITIONS = DEBUG;
				SWIFT_OPTIMIZATION_LEVEL = "-Onone";
			};
			name = Debug;
		};
		645479632263617600DAC2FC /* Release */ = {
			isa = XCBuildConfiguration;
			buildSettings = {
				ALWAYS_SEARCH_USER_PATHS = NO;
				CLANG_ANALYZER_NONNULL = YES;
				CLANG_ANALYZER_NUMBER_OBJECT_CONVERSION = YES_AGGRESSIVE;
				CLANG_CXX_LANGUAGE_STANDARD = "gnu++14";
				CLANG_CXX_LIBRARY = "libc++";
				CLANG_ENABLE_MODULES = YES;
				CLANG_ENABLE_OBJC_ARC = YES;
				CLANG_ENABLE_OBJC_WEAK = YES;
				CLANG_WARN_BLOCK_CAPTURE_AUTORELEASING = YES;
				CLANG_WARN_BOOL_CONVERSION = YES;
				CLANG_WARN_COMMA = YES;
				CLANG_WARN_CONSTANT_CONVERSION = YES;
				CLANG_WARN_DEPRECATED_OBJC_IMPLEMENTATIONS = YES;
				CLANG_WARN_DIRECT_OBJC_ISA_USAGE = YES_ERROR;
				CLANG_WARN_DOCUMENTATION_COMMENTS = YES;
				CLANG_WARN_EMPTY_BODY = YES;
				CLANG_WARN_ENUM_CONVERSION = YES;
				CLANG_WARN_INFINITE_RECURSION = YES;
				CLANG_WARN_INT_CONVERSION = YES;
				CLANG_WARN_NON_LITERAL_NULL_CONVERSION = YES;
				CLANG_WARN_OBJC_IMPLICIT_RETAIN_SELF = YES;
				CLANG_WARN_OBJC_LITERAL_CONVERSION = YES;
				CLANG_WARN_OBJC_ROOT_CLASS = YES_ERROR;
				CLANG_WARN_RANGE_LOOP_ANALYSIS = YES;
				CLANG_WARN_STRICT_PROTOTYPES = YES;
				CLANG_WARN_SUSPICIOUS_MOVE = YES;
				CLANG_WARN_UNGUARDED_AVAILABILITY = YES_AGGRESSIVE;
				CLANG_WARN_UNREACHABLE_CODE = YES;
				CLANG_WARN__DUPLICATE_METHOD_MATCH = YES;
				CODE_SIGN_IDENTITY = "iPhone Developer";
				COPY_PHASE_STRIP = NO;
				DEBUG_INFORMATION_FORMAT = "dwarf-with-dsym";
				ENABLE_NS_ASSERTIONS = NO;
				ENABLE_STRICT_OBJC_MSGSEND = YES;
				GCC_C_LANGUAGE_STANDARD = gnu11;
				GCC_NO_COMMON_BLOCKS = YES;
				GCC_WARN_64_TO_32_BIT_CONVERSION = YES;
				GCC_WARN_ABOUT_RETURN_TYPE = YES_ERROR;
				GCC_WARN_UNDECLARED_SELECTOR = YES;
				GCC_WARN_UNINITIALIZED_AUTOS = YES_AGGRESSIVE;
				GCC_WARN_UNUSED_FUNCTION = YES;
				GCC_WARN_UNUSED_VARIABLE = YES;
				IPHONEOS_DEPLOYMENT_TARGET = 12.2;
				MTL_ENABLE_DEBUG_INFO = NO;
				MTL_FAST_MATH = YES;
				SDKROOT = iphoneos;
				SWIFT_COMPILATION_MODE = wholemodule;
				SWIFT_OPTIMIZATION_LEVEL = "-O";
				VALIDATE_PRODUCT = YES;
			};
			name = Release;
		};
		645479652263617600DAC2FC /* Debug */ = {
			isa = XCBuildConfiguration;
			buildSettings = {
				ASSETCATALOG_COMPILER_APPICON_NAME = AppIcon;
				CODE_SIGN_STYLE = Automatic;
				DEVELOPMENT_TEAM = 9GB532YE2V;
				INFOPLIST_FILE = Swift_ContainerWithCollectionView/Info.plist;
				LD_RUNPATH_SEARCH_PATHS = (
					"$(inherited)",
					"@executable_path/Frameworks",
				);
				PRODUCT_BUNDLE_IDENTIFIER = "com.various-works.Swift-ContainerWithCollectionView";
				PRODUCT_NAME = "$(TARGET_NAME)";
				SWIFT_VERSION = 5.0;
				TARGETED_DEVICE_FAMILY = "1,2";
			};
			name = Debug;
		};
		645479662263617600DAC2FC /* Release */ = {
			isa = XCBuildConfiguration;
			buildSettings = {
				ASSETCATALOG_COMPILER_APPICON_NAME = AppIcon;
				CODE_SIGN_STYLE = Automatic;
				DEVELOPMENT_TEAM = 9GB532YE2V;
				INFOPLIST_FILE = Swift_ContainerWithCollectionView/Info.plist;
				LD_RUNPATH_SEARCH_PATHS = (
					"$(inherited)",
					"@executable_path/Frameworks",
				);
				PRODUCT_BUNDLE_IDENTIFIER = "com.various-works.Swift-ContainerWithCollectionView";
				PRODUCT_NAME = "$(TARGET_NAME)";
				SWIFT_VERSION = 5.0;
				TARGETED_DEVICE_FAMILY = "1,2";
			};
			name = Release;
		};
/* End XCBuildConfiguration section */

/* Begin XCConfigurationList section */
		6454794D2263617300DAC2FC /* Build configuration list for PBXProject "Swift_ContainerWithCollectionView" */ = {
			isa = XCConfigurationList;
			buildConfigurations = (
				645479622263617600DAC2FC /* Debug */,
				645479632263617600DAC2FC /* Release */,
			);
			defaultConfigurationIsVisible = 0;
			defaultConfigurationName = Release;
		};
		645479642263617600DAC2FC /* Build configuration list for PBXNativeTarget "Swift_ContainerWithCollectionView" */ = {
			isa = XCConfigurationList;
			buildConfigurations = (
				645479652263617600DAC2FC /* Debug */,
				645479662263617600DAC2FC /* Release */,
			);
			defaultConfigurationIsVisible = 0;
			defaultConfigurationName = Release;
		};
/* End XCConfigurationList section */
	};
	rootObject = 6454794A2263617300DAC2FC /* Project object */;
}
